
Microsoft Visual Studio Solution File, Format Version 12.00
Project("{FAE04EC0-301F-11D3-BF4B-00C04F79EFBC}") = "Zadanie09", "Zadanie09\Zadanie09.csproj", "{87F16441-FFF4-470C-91C9-5C161434A634}"
EndProject
Global
	GlobalSection(SolutionConfigurationPlatforms) = preSolution
		Debug|Any CPU = Debug|Any CPU
		Release|Any CPU = Release|Any CPU
	EndGlobalSection
	GlobalSection(ProjectConfigurationPlatforms) = postSolution
		{87F16441-FFF4-470C-91C9-5C161434A634}.Debug|Any CPU.ActiveCfg = Debug|Any CPU
		{87F16441-FFF4-470C-91C9-5C161434A634}.Debug|Any CPU.Build.0 = Debug|Any CPU
		{87F16441-FFF4-470C-91C9-5C161434A634}.Release|Any CPU.ActiveCfg = Release|Any CPU
		{87F16441-FFF4-470C-91C9-5C161434A634}.Release|Any CPU.Build.0 = Release|Any CPU
	EndGlobalSection
EndGlobal
